{
  "originHash" : "6ac8d128f8f0675952dd49812f1737c704009ece4f2927af83e051ace33ecdeb",
  "pins" : [
    {
      "identity" : "datasave",
      "kind" : "remoteSourceControl",
      "location" : "https://github.com/jay-lchicken/DataSave/",
      "state" : {
        "branch" : "main",
        "revision" : "5be36a93d56d926faf3b0b02f5d37b691047982e"
      }
    }
  ],
  "version" : 3
}
